
Microsoft Visual Studio Solution File, Format Version 12.00
# Visual Studio 15
VisualStudioVersion = 15.0.26430.16
MinimumVisualStudioVersion = 10.0.40219.1
Project("{8BC9CEB8-8B4A-11D0-8D11-00A0C91BC942}") = "ShipIS", "ShipIS\ShipIS.vcxproj", "{4CED3473-D9E4-4498-83B8-34B532E0DF6D}"
	ProjectSection(ProjectDependencies) = postProject
		{9069590C-BC1D-4633-9748-CE696A99245E} = {9069590C-BC1D-4633-9748-CE696A99245E}
		{2B0FD099-A4E4-49B8-8D04-A42C10096342} = {2B0FD099-A4E4-49B8-8D04-A42C10096342}
	EndProjectSection
EndProject
Project("{8BC9CEB8-8B4A-11D0-8D11-00A0C91BC942}") = "UnitTests", "UnitTests\UnitTests.vcxproj", "{FE87B3E5-8292-430E-9C54-F5C26084759B}"
	ProjectSection(ProjectDependencies) = postProject
		{9069590C-BC1D-4633-9748-CE696A99245E} = {9069590C-BC1D-4633-9748-CE696A99245E}
	EndProjectSection
EndProject
Project("{8BC9CEB8-8B4A-11D0-8D11-00A0C91BC942}") = "NeuralLib", "NeuralLib\NeuralLib.vcxproj", "{2B0FD099-A4E4-49B8-8D04-A42C10096342}"
EndProject
Project("{8BC9CEB8-8B4A-11D0-8D11-00A0C91BC942}") = "FuzzyLib", "FuzzyLib\FuzzyLib.vcxproj", "{9069590C-BC1D-4633-9748-CE696A99245E}"
EndProject
Global
	GlobalSection(SolutionConfigurationPlatforms) = preSolution
		Debug|x64 = Debug|x64
		Debug|x86 = Debug|x86
		Release|x64 = Release|x64
		Release|x86 = Release|x86
	EndGlobalSection
	GlobalSection(ProjectConfigurationPlatforms) = postSolution
		{4CED3473-D9E4-4498-83B8-34B532E0DF6D}.Debug|x64.ActiveCfg = Debug|x64
		{4CED3473-D9E4-4498-83B8-34B532E0DF6D}.Debug|x64.Build.0 = Debug|x64
		{4CED3473-D9E4-4498-83B8-34B532E0DF6D}.Debug|x86.ActiveCfg = Debug|Win32
		{4CED3473-D9E4-4498-83B8-34B532E0DF6D}.Debug|x86.Build.0 = Debug|Win32
		{4CED3473-D9E4-4498-83B8-34B532E0DF6D}.Release|x64.ActiveCfg = Release|x64
		{4CED3473-D9E4-4498-83B8-34B532E0DF6D}.Release|x64.Build.0 = Release|x64
		{4CED3473-D9E4-4498-83B8-34B532E0DF6D}.Release|x86.ActiveCfg = Release|Win32
		{4CED3473-D9E4-4498-83B8-34B532E0DF6D}.Release|x86.Build.0 = Release|Win32
		{FE87B3E5-8292-430E-9C54-F5C26084759B}.Debug|x64.ActiveCfg = Debug|x64
		{FE87B3E5-8292-430E-9C54-F5C26084759B}.Debug|x64.Build.0 = Debug|x64
		{FE87B3E5-8292-430E-9C54-F5C26084759B}.Debug|x86.ActiveCfg = Debug|Win32
		{FE87B3E5-8292-430E-9C54-F5C26084759B}.Debug|x86.Build.0 = Debug|Win32
		{FE87B3E5-8292-430E-9C54-F5C26084759B}.Release|x64.ActiveCfg = Release|x64
		{FE87B3E5-8292-430E-9C54-F5C26084759B}.Release|x64.Build.0 = Release|x64
		{FE87B3E5-8292-430E-9C54-F5C26084759B}.Release|x86.ActiveCfg = Release|Win32
		{FE87B3E5-8292-430E-9C54-F5C26084759B}.Release|x86.Build.0 = Release|Win32
		{2B0FD099-A4E4-49B8-8D04-A42C10096342}.Debug|x64.ActiveCfg = Debug|x64
		{2B0FD099-A4E4-49B8-8D04-A42C10096342}.Debug|x64.Build.0 = Debug|x64
		{2B0FD099-A4E4-49B8-8D04-A42C10096342}.Debug|x86.ActiveCfg = Debug|Win32
		{2B0FD099-A4E4-49B8-8D04-A42C10096342}.Debug|x86.Build.0 = Debug|Win32
		{2B0FD099-A4E4-49B8-8D04-A42C10096342}.Release|x64.ActiveCfg = Release|x64
		{2B0FD099-A4E4-49B8-8D04-A42C10096342}.Release|x64.Build.0 = Release|x64
		{2B0FD099-A4E4-49B8-8D04-A42C10096342}.Release|x86.ActiveCfg = Release|Win32
		{2B0FD099-A4E4-49B8-8D04-A42C10096342}.Release|x86.Build.0 = Release|Win32
		{9069590C-BC1D-4633-9748-CE696A99245E}.Debug|x64.ActiveCfg = Debug|x64
		{9069590C-BC1D-4633-9748-CE696A99245E}.Debug|x64.Build.0 = Debug|x64
		{9069590C-BC1D-4633-9748-CE696A99245E}.Debug|x86.ActiveCfg = Debug|Win32
		{9069590C-BC1D-4633-9748-CE696A99245E}.Debug|x86.Build.0 = Debug|Win32
		{9069590C-BC1D-4633-9748-CE696A99245E}.Release|x64.ActiveCfg = Release|x64
		{9069590C-BC1D-4633-9748-CE696A99245E}.Release|x64.Build.0 = Release|x64
		{9069590C-BC1D-4633-9748-CE696A99245E}.Release|x86.ActiveCfg = Release|Win32
		{9069590C-BC1D-4633-9748-CE696A99245E}.Release|x86.Build.0 = Release|Win32
	EndGlobalSection
	GlobalSection(SolutionProperties) = preSolution
		HideSolutionNode = FALSE
	EndGlobalSection
EndGlobal
