<?xml version="1.0" encoding="utf-8"?>
<Project ToolsVersion="4.0" xmlns="http://schemas.microsoft.com/developer/msbuild/2003">
  <ItemGroup>
    <Filter Include="Source Files">
      <UniqueIdentifier>{4FC737F1-C7A5-4376-A066-2A32D752A2FF}</UniqueIdentifier>
      <Extensions>cpp;c;cc;cxx;def;odl;idl;hpj;bat;asm;asmx</Extensions>
    </Filter>
    <Filter Include="Header Files">
      <UniqueIdentifier>{93995380-89BD-4b04-88EB-625FBE52EBFB}</UniqueIdentifier>
      <Extensions>h;hh;hpp;hxx;hm;inl;inc;xsd</Extensions>
    </Filter>
    <Filter Include="Resource Files">
      <UniqueIdentifier>{67DA6AB6-F800-4c08-8B7A-83BB121AAD01}</UniqueIdentifier>
      <Extensions>rc;ico;cur;bmp;dlg;rc2;rct;bin;rgs;gif;jpg;jpeg;jpe;resx;tiff;tif;png;wav;mfcribbon-ms</Extensions>
    </Filter>
    <Filter Include="NeuralNetwork">
      <UniqueIdentifier>{a2c4b7ac-6362-4c2b-81b6-f5e058f949fb}</UniqueIdentifier>
    </Filter>
    <Filter Include="FuzzyModel">
      <UniqueIdentifier>{810554e6-210f-4032-adb4-5d63bde22896}</UniqueIdentifier>
    </Filter>
  </ItemGroup>
  <ItemGroup>
    <ClCompile Include="MainForm.cpp">
      <Filter>Source Files</Filter>
    </ClCompile>
    <ClCompile Include="NeuralNetwork\BackPropNeuronStrategy.cpp">
      <Filter>NeuralNetwork</Filter>
    </ClCompile>
    <ClCompile Include="NeuralNetwork\NeuralNetwork.cpp">
      <Filter>NeuralNetwork</Filter>
    </ClCompile>
    <ClCompile Include="NeuralNetwork\NeuralNetworkHelper.cpp">
      <Filter>NeuralNetwork</Filter>
    </ClCompile>
    <ClCompile Include="NeuralNetwork\Neuron.cpp">
      <Filter>NeuralNetwork</Filter>
    </ClCompile>
    <ClCompile Include="NeuralNetwork\NeuronConnection.cpp">
      <Filter>NeuralNetwork</Filter>
    </ClCompile>
    <ClCompile Include="NeuralNetwork\NeuronNetworkFactory.cpp">
      <Filter>NeuralNetwork</Filter>
    </ClCompile>
    <ClCompile Include="NeuralNetwork\TrainingData.cpp">
      <Filter>NeuralNetwork</Filter>
    </ClCompile>
    <ClCompile Include="TrainNetworkForm.cpp">
      <Filter>Source Files</Filter>
    </ClCompile>
    <ClCompile Include="GraphBlock.cpp">
      <Filter>Source Files</Filter>
    </ClCompile>
    <ClCompile Include="GraphDataGenerator.cpp">
      <Filter>Source Files</Filter>
    </ClCompile>
    <ClCompile Include="FuzzyLogicForm.cpp">
      <Filter>Source Files</Filter>
    </ClCompile>
    <ClCompile Include="GraphsComprasionForm.cpp">
      <Filter>Source Files</Filter>
    </ClCompile>
    <ClCompile Include="FuzzyModel\FuzzySet.cpp">
      <Filter>FuzzyModel</Filter>
    </ClCompile>
    <ClCompile Include="FuzzyModel\MamdaniAlgorithm.cpp">
      <Filter>FuzzyModel</Filter>
    </ClCompile>
    <ClCompile Include="FuzzyModel\RulesBase.cpp">
      <Filter>FuzzyModel</Filter>
    </ClCompile>
    <ClCompile Include="stdafx.cpp">
      <Filter>Source Files</Filter>
    </ClCompile>
    <ClCompile Include="IceThicknessGenerator.cpp">
      <Filter>Source Files</Filter>
    </ClCompile>
    <ClCompile Include="FuzzyModel\Statement.cpp">
      <Filter>FuzzyModel</Filter>
    </ClCompile>
    <ClCompile Include="FuzzyModel\Conclusion.cpp">
      <Filter>FuzzyModel</Filter>
    </ClCompile>
    <ClCompile Include="FuzzyModel\Condition.cpp">
      <Filter>FuzzyModel</Filter>
    </ClCompile>
    <ClCompile Include="MathVelocityCalculator.cpp">
      <Filter>Source Files</Filter>
    </ClCompile>
  </ItemGroup>
  <ItemGroup>
    <ClInclude Include="MainForm.h">
      <Filter>Header Files</Filter>
    </ClInclude>
    <ClInclude Include="DiagramDrawer.h">
      <Filter>Header Files</Filter>
    </ClInclude>
    <ClInclude Include="NeuralNetwork\BackPropNeuronStrategy.h">
      <Filter>NeuralNetwork</Filter>
    </ClInclude>
    <ClInclude Include="NeuralNetwork\INeuralNetwork.h">
      <Filter>NeuralNetwork</Filter>
    </ClInclude>
    <ClInclude Include="NeuralNetwork\INeuron.h">
      <Filter>NeuralNetwork</Filter>
    </ClInclude>
    <ClInclude Include="NeuralNetwork\INeuronStrategy.h">
      <Filter>NeuralNetwork</Filter>
    </ClInclude>
    <ClInclude Include="NeuralNetwork\NeuralNetwork.h">
      <Filter>NeuralNetwork</Filter>
    </ClInclude>
    <ClInclude Include="NeuralNetwork\NeuralNetworkHelper.h">
      <Filter>NeuralNetwork</Filter>
    </ClInclude>
    <ClInclude Include="NeuralNetwork\Neuron.h">
      <Filter>NeuralNetwork</Filter>
    </ClInclude>
    <ClInclude Include="NeuralNetwork\NeuronConnection.h">
      <Filter>NeuralNetwork</Filter>
    </ClInclude>
    <ClInclude Include="NeuralNetwork\NeuronLayer.h">
      <Filter>NeuralNetwork</Filter>
    </ClInclude>
    <ClInclude Include="NeuralNetwork\NeuronNetworkFactory.h">
      <Filter>NeuralNetwork</Filter>
    </ClInclude>
    <ClInclude Include="NeuralNetwork\TrainingData.h">
      <Filter>NeuralNetwork</Filter>
    </ClInclude>
    <ClInclude Include="TrainNetworkForm.h">
      <Filter>Header Files</Filter>
    </ClInclude>
    <ClInclude Include="GraphBlock.h">
      <Filter>Header Files</Filter>
    </ClInclude>
    <ClInclude Include="GraphDataGenerator.h">
      <Filter>Header Files</Filter>
    </ClInclude>
    <ClInclude Include="GraphsComprasionForm.h">
      <Filter>Header Files</Filter>
    </ClInclude>
    <ClInclude Include="FuzzyLogicForm.h">
      <Filter>Header Files</Filter>
    </ClInclude>
    <ClInclude Include="FuzzyModel\Conclusion.h">
      <Filter>FuzzyModel</Filter>
    </ClInclude>
    <ClInclude Include="FuzzyModel\Condition.h">
      <Filter>FuzzyModel</Filter>
    </ClInclude>
    <ClInclude Include="FuzzyModel\FuzzySet.h">
      <Filter>FuzzyModel</Filter>
    </ClInclude>
    <ClInclude Include="FuzzyModel\MamdaniAlgorithm.h">
      <Filter>FuzzyModel</Filter>
    </ClInclude>
    <ClInclude Include="FuzzyModel\Rule.h">
      <Filter>FuzzyModel</Filter>
    </ClInclude>
    <ClInclude Include="FuzzyModel\RulesBase.h">
      <Filter>FuzzyModel</Filter>
    </ClInclude>
    <ClInclude Include="FuzzyModel\Statement.h">
      <Filter>FuzzyModel</Filter>
    </ClInclude>
    <ClInclude Include="InputParams.h">
      <Filter>Source Files</Filter>
    </ClInclude>
    <ClInclude Include="stdafx.h">
      <Filter>Source Files</Filter>
    </ClInclude>
    <ClInclude Include="IceThicknessGenerator.h">
      <Filter>Source Files</Filter>
    </ClInclude>
    <ClInclude Include="MathVelocityCalculator.h">
      <Filter>Source Files</Filter>
    </ClInclude>
  </ItemGroup>
  <ItemGroup>
    <EmbeddedResource Include="MainForm.resx">
      <Filter>Resource Files</Filter>
    </EmbeddedResource>
    <EmbeddedResource Include="FuzzyLogicForm.resx">
      <Filter>Resource Files</Filter>
    </EmbeddedResource>
    <EmbeddedResource Include="GraphsComprasionForm.resx">
      <Filter>Resource Files</Filter>
    </EmbeddedResource>
  </ItemGroup>
  <ItemGroup>
    <None Include="ClassDiagram.cd" />
    <None Include="ClassDiagram1.cd" />
  </ItemGroup>
</Project>